
Microsoft Visual Studio Solution File, Format Version 12.00
# Visual Studio 2013
VisualStudioVersion = 12.0.31101.0
MinimumVisualStudioVersion = 10.0.40219.1
Project("{FAE04EC0-301F-11D3-BF4B-00C04F79EFBC}") = "SignalR_NuGet", "SignalR_NuGet\SignalR_NuGet\SignalR_NuGet.csproj", "{F3EAA5A2-B68C-4906-A27F-A255EE08A1CC}"
EndProject
Project("{FAE04EC0-301F-11D3-BF4B-00C04F79EFBC}") = "SignalR_NuGet.iOS", "SignalR_NuGet\SignalR_NuGet.iOS\SignalR_NuGet.iOS.csproj", "{BA40CF8C-FB32-4F81-9482-85945FC05982}"
EndProject
Project("{FAE04EC0-301F-11D3-BF4B-00C04F79EFBC}") = "SignalR_NuGet.Droid", "SignalR_NuGet\SignalR_NuGet.Droid\SignalR_NuGet.Droid.csproj", "{087ECB1F-B155-4469-9401-51E3D6C62F6B}"
EndProject
Project("{FAE04EC0-301F-11D3-BF4B-00C04F79EFBC}") = "ChatDemo", "SignalR_NuGet\ChatDemo\ChatDemo\ChatDemo.csproj", "{242F24F0-21D3-4114-A2D8-52C94058B30C}"
EndProject
Project("{FAE04EC0-301F-11D3-BF4B-00C04F79EFBC}") = "ModernHttpClient.Android", "C:\Users\peter\Downloads\_Code2\ModernHttpClient-master\src\ModernHttpClient\ModernHttpClient.Android.csproj", "{F7290B9E-C821-4DA7-A4E5-824D9B0F70F2}"
EndProject
Global
	GlobalSection(SolutionConfigurationPlatforms) = preSolution
		Ad-Hoc|Any CPU = Ad-Hoc|Any CPU
		Ad-Hoc|ARM = Ad-Hoc|ARM
		Ad-Hoc|iPhone = Ad-Hoc|iPhone
		Ad-Hoc|iPhoneSimulator = Ad-Hoc|iPhoneSimulator
		Ad-Hoc|Mixed Platforms = Ad-Hoc|Mixed Platforms
		Ad-Hoc|x86 = Ad-Hoc|x86
		AppStore|Any CPU = AppStore|Any CPU
		AppStore|ARM = AppStore|ARM
		AppStore|iPhone = AppStore|iPhone
		AppStore|iPhoneSimulator = AppStore|iPhoneSimulator
		AppStore|Mixed Platforms = AppStore|Mixed Platforms
		AppStore|x86 = AppStore|x86
		Debug|Any CPU = Debug|Any CPU
		Debug|ARM = Debug|ARM
		Debug|iPhone = Debug|iPhone
		Debug|iPhoneSimulator = Debug|iPhoneSimulator
		Debug|Mixed Platforms = Debug|Mixed Platforms
		Debug|x86 = Debug|x86
		Release|Any CPU = Release|Any CPU
		Release|ARM = Release|ARM
		Release|iPhone = Release|iPhone
		Release|iPhoneSimulator = Release|iPhoneSimulator
		Release|Mixed Platforms = Release|Mixed Platforms
		Release|x86 = Release|x86
	EndGlobalSection
	GlobalSection(ProjectConfigurationPlatforms) = postSolution
		{F3EAA5A2-B68C-4906-A27F-A255EE08A1CC}.Ad-Hoc|Any CPU.ActiveCfg = Release|Any CPU
		{F3EAA5A2-B68C-4906-A27F-A255EE08A1CC}.Ad-Hoc|Any CPU.Build.0 = Release|Any CPU
		{F3EAA5A2-B68C-4906-A27F-A255EE08A1CC}.Ad-Hoc|ARM.ActiveCfg = Release|Any CPU
		{F3EAA5A2-B68C-4906-A27F-A255EE08A1CC}.Ad-Hoc|iPhone.ActiveCfg = Release|Any CPU
		{F3EAA5A2-B68C-4906-A27F-A255EE08A1CC}.Ad-Hoc|iPhoneSimulator.ActiveCfg = Release|Any CPU
		{F3EAA5A2-B68C-4906-A27F-A255EE08A1CC}.Ad-Hoc|Mixed Platforms.ActiveCfg = Release|Any CPU
		{F3EAA5A2-B68C-4906-A27F-A255EE08A1CC}.Ad-Hoc|Mixed Platforms.Build.0 = Release|Any CPU
		{F3EAA5A2-B68C-4906-A27F-A255EE08A1CC}.Ad-Hoc|x86.ActiveCfg = Release|Any CPU
		{F3EAA5A2-B68C-4906-A27F-A255EE08A1CC}.AppStore|Any CPU.ActiveCfg = Release|Any CPU
		{F3EAA5A2-B68C-4906-A27F-A255EE08A1CC}.AppStore|Any CPU.Build.0 = Release|Any CPU
		{F3EAA5A2-B68C-4906-A27F-A255EE08A1CC}.AppStore|ARM.ActiveCfg = Release|Any CPU
		{F3EAA5A2-B68C-4906-A27F-A255EE08A1CC}.AppStore|iPhone.ActiveCfg = Release|Any CPU
		{F3EAA5A2-B68C-4906-A27F-A255EE08A1CC}.AppStore|iPhoneSimulator.ActiveCfg = Release|Any CPU
		{F3EAA5A2-B68C-4906-A27F-A255EE08A1CC}.AppStore|Mixed Platforms.ActiveCfg = Release|Any CPU
		{F3EAA5A2-B68C-4906-A27F-A255EE08A1CC}.AppStore|Mixed Platforms.Build.0 = Release|Any CPU
		{F3EAA5A2-B68C-4906-A27F-A255EE08A1CC}.AppStore|x86.ActiveCfg = Release|Any CPU
		{F3EAA5A2-B68C-4906-A27F-A255EE08A1CC}.Debug|Any CPU.ActiveCfg = Debug|Any CPU
		{F3EAA5A2-B68C-4906-A27F-A255EE08A1CC}.Debug|Any CPU.Build.0 = Debug|Any CPU
		{F3EAA5A2-B68C-4906-A27F-A255EE08A1CC}.Debug|ARM.ActiveCfg = Debug|Any CPU
		{F3EAA5A2-B68C-4906-A27F-A255EE08A1CC}.Debug|iPhone.ActiveCfg = Debug|Any CPU
		{F3EAA5A2-B68C-4906-A27F-A255EE08A1CC}.Debug|iPhone.Build.0 = Debug|Any CPU
		{F3EAA5A2-B68C-4906-A27F-A255EE08A1CC}.Debug|iPhoneSimulator.ActiveCfg = Debug|Any CPU
		{F3EAA5A2-B68C-4906-A27F-A255EE08A1CC}.Debug|iPhoneSimulator.Build.0 = Debug|Any CPU
		{F3EAA5A2-B68C-4906-A27F-A255EE08A1CC}.Debug|Mixed Platforms.ActiveCfg = Debug|Any CPU
		{F3EAA5A2-B68C-4906-A27F-A255EE08A1CC}.Debug|Mixed Platforms.Build.0 = Debug|Any CPU
		{F3EAA5A2-B68C-4906-A27F-A255EE08A1CC}.Debug|x86.ActiveCfg = Debug|Any CPU
		{F3EAA5A2-B68C-4906-A27F-A255EE08A1CC}.Release|Any CPU.ActiveCfg = Release|Any CPU
		{F3EAA5A2-B68C-4906-A27F-A255EE08A1CC}.Release|Any CPU.Build.0 = Release|Any CPU
		{F3EAA5A2-B68C-4906-A27F-A255EE08A1CC}.Release|ARM.ActiveCfg = Release|Any CPU
		{F3EAA5A2-B68C-4906-A27F-A255EE08A1CC}.Release|iPhone.ActiveCfg = Release|Any CPU
		{F3EAA5A2-B68C-4906-A27F-A255EE08A1CC}.Release|iPhoneSimulator.ActiveCfg = Release|Any CPU
		{F3EAA5A2-B68C-4906-A27F-A255EE08A1CC}.Release|Mixed Platforms.ActiveCfg = Release|Any CPU
		{F3EAA5A2-B68C-4906-A27F-A255EE08A1CC}.Release|Mixed Platforms.Build.0 = Release|Any CPU
		{F3EAA5A2-B68C-4906-A27F-A255EE08A1CC}.Release|x86.ActiveCfg = Release|Any CPU
		{BA40CF8C-FB32-4F81-9482-85945FC05982}.Ad-Hoc|Any CPU.ActiveCfg = Ad-Hoc|iPhone
		{BA40CF8C-FB32-4F81-9482-85945FC05982}.Ad-Hoc|ARM.ActiveCfg = Ad-Hoc|iPhone
		{BA40CF8C-FB32-4F81-9482-85945FC05982}.Ad-Hoc|iPhone.ActiveCfg = Ad-Hoc|iPhone
		{BA40CF8C-FB32-4F81-9482-85945FC05982}.Ad-Hoc|iPhone.Build.0 = Ad-Hoc|iPhone
		{BA40CF8C-FB32-4F81-9482-85945FC05982}.Ad-Hoc|iPhoneSimulator.ActiveCfg = Ad-Hoc|iPhoneSimulator
		{BA40CF8C-FB32-4F81-9482-85945FC05982}.Ad-Hoc|iPhoneSimulator.Build.0 = Ad-Hoc|iPhoneSimulator
		{BA40CF8C-FB32-4F81-9482-85945FC05982}.Ad-Hoc|Mixed Platforms.ActiveCfg = Ad-Hoc|iPhone
		{BA40CF8C-FB32-4F81-9482-85945FC05982}.Ad-Hoc|Mixed Platforms.Build.0 = Ad-Hoc|iPhone
		{BA40CF8C-FB32-4F81-9482-85945FC05982}.Ad-Hoc|x86.ActiveCfg = Ad-Hoc|iPhone
		{BA40CF8C-FB32-4F81-9482-85945FC05982}.AppStore|Any CPU.ActiveCfg = AppStore|iPhone
		{BA40CF8C-FB32-4F81-9482-85945FC05982}.AppStore|ARM.ActiveCfg = AppStore|iPhone
		{BA40CF8C-FB32-4F81-9482-85945FC05982}.AppStore|iPhone.ActiveCfg = AppStore|iPhone
		{BA40CF8C-FB32-4F81-9482-85945FC05982}.AppStore|iPhone.Build.0 = AppStore|iPhone
		{BA40CF8C-FB32-4F81-9482-85945FC05982}.AppStore|iPhoneSimulator.ActiveCfg = AppStore|iPhoneSimulator
		{BA40CF8C-FB32-4F81-9482-85945FC05982}.AppStore|iPhoneSimulator.Build.0 = AppStore|iPhoneSimulator
		{BA40CF8C-FB32-4F81-9482-85945FC05982}.AppStore|Mixed Platforms.ActiveCfg = AppStore|iPhone
		{BA40CF8C-FB32-4F81-9482-85945FC05982}.AppStore|Mixed Platforms.Build.0 = AppStore|iPhone
		{BA40CF8C-FB32-4F81-9482-85945FC05982}.AppStore|x86.ActiveCfg = AppStore|iPhone
		{BA40CF8C-FB32-4F81-9482-85945FC05982}.Debug|Any CPU.ActiveCfg = Debug|iPhone
		{BA40CF8C-FB32-4F81-9482-85945FC05982}.Debug|ARM.ActiveCfg = Debug|iPhone
		{BA40CF8C-FB32-4F81-9482-85945FC05982}.Debug|iPhone.ActiveCfg = Debug|iPhone
		{BA40CF8C-FB32-4F81-9482-85945FC05982}.Debug|iPhone.Build.0 = Debug|iPhone
		{BA40CF8C-FB32-4F81-9482-85945FC05982}.Debug|iPhoneSimulator.ActiveCfg = Debug|iPhoneSimulator
		{BA40CF8C-FB32-4F81-9482-85945FC05982}.Debug|iPhoneSimulator.Build.0 = Debug|iPhoneSimulator
		{BA40CF8C-FB32-4F81-9482-85945FC05982}.Debug|Mixed Platforms.ActiveCfg = Debug|iPhone
		{BA40CF8C-FB32-4F81-9482-85945FC05982}.Debug|Mixed Platforms.Build.0 = Debug|iPhone
		{BA40CF8C-FB32-4F81-9482-85945FC05982}.Debug|x86.ActiveCfg = Debug|iPhone
		{BA40CF8C-FB32-4F81-9482-85945FC05982}.Release|Any CPU.ActiveCfg = Release|iPhone
		{BA40CF8C-FB32-4F81-9482-85945FC05982}.Release|ARM.ActiveCfg = Release|iPhone
		{BA40CF8C-FB32-4F81-9482-85945FC05982}.Release|iPhone.ActiveCfg = Release|iPhone
		{BA40CF8C-FB32-4F81-9482-85945FC05982}.Release|iPhone.Build.0 = Release|iPhone
		{BA40CF8C-FB32-4F81-9482-85945FC05982}.Release|iPhoneSimulator.ActiveCfg = Release|iPhoneSimulator
		{BA40CF8C-FB32-4F81-9482-85945FC05982}.Release|iPhoneSimulator.Build.0 = Release|iPhoneSimulator
		{BA40CF8C-FB32-4F81-9482-85945FC05982}.Release|Mixed Platforms.ActiveCfg = Release|iPhone
		{BA40CF8C-FB32-4F81-9482-85945FC05982}.Release|Mixed Platforms.Build.0 = Release|iPhone
		{BA40CF8C-FB32-4F81-9482-85945FC05982}.Release|x86.ActiveCfg = Release|iPhone
		{087ECB1F-B155-4469-9401-51E3D6C62F6B}.Ad-Hoc|Any CPU.ActiveCfg = Release|Any CPU
		{087ECB1F-B155-4469-9401-51E3D6C62F6B}.Ad-Hoc|Any CPU.Build.0 = Release|Any CPU
		{087ECB1F-B155-4469-9401-51E3D6C62F6B}.Ad-Hoc|Any CPU.Deploy.0 = Release|Any CPU
		{087ECB1F-B155-4469-9401-51E3D6C62F6B}.Ad-Hoc|ARM.ActiveCfg = Release|Any CPU
		{087ECB1F-B155-4469-9401-51E3D6C62F6B}.Ad-Hoc|iPhone.ActiveCfg = Release|Any CPU
		{087ECB1F-B155-4469-9401-51E3D6C62F6B}.Ad-Hoc|iPhoneSimulator.ActiveCfg = Release|Any CPU
		{087ECB1F-B155-4469-9401-51E3D6C62F6B}.Ad-Hoc|Mixed Platforms.ActiveCfg = Release|Any CPU
		{087ECB1F-B155-4469-9401-51E3D6C62F6B}.Ad-Hoc|Mixed Platforms.Build.0 = Release|Any CPU
		{087ECB1F-B155-4469-9401-51E3D6C62F6B}.Ad-Hoc|Mixed Platforms.Deploy.0 = Release|Any CPU
		{087ECB1F-B155-4469-9401-51E3D6C62F6B}.Ad-Hoc|x86.ActiveCfg = Release|Any CPU
		{087ECB1F-B155-4469-9401-51E3D6C62F6B}.AppStore|Any CPU.ActiveCfg = Release|Any CPU
		{087ECB1F-B155-4469-9401-51E3D6C62F6B}.AppStore|Any CPU.Build.0 = Release|Any CPU
		{087ECB1F-B155-4469-9401-51E3D6C62F6B}.AppStore|Any CPU.Deploy.0 = Release|Any CPU
		{087ECB1F-B155-4469-9401-51E3D6C62F6B}.AppStore|ARM.ActiveCfg = Release|Any CPU
		{087ECB1F-B155-4469-9401-51E3D6C62F6B}.AppStore|iPhone.ActiveCfg = Release|Any CPU
		{087ECB1F-B155-4469-9401-51E3D6C62F6B}.AppStore|iPhoneSimulator.ActiveCfg = Release|Any CPU
		{087ECB1F-B155-4469-9401-51E3D6C62F6B}.AppStore|Mixed Platforms.ActiveCfg = Release|Any CPU
		{087ECB1F-B155-4469-9401-51E3D6C62F6B}.AppStore|Mixed Platforms.Build.0 = Release|Any CPU
		{087ECB1F-B155-4469-9401-51E3D6C62F6B}.AppStore|Mixed Platforms.Deploy.0 = Release|Any CPU
		{087ECB1F-B155-4469-9401-51E3D6C62F6B}.AppStore|x86.ActiveCfg = Release|Any CPU
		{087ECB1F-B155-4469-9401-51E3D6C62F6B}.Debug|Any CPU.ActiveCfg = Debug|Any CPU
		{087ECB1F-B155-4469-9401-51E3D6C62F6B}.Debug|Any CPU.Build.0 = Debug|Any CPU
		{087ECB1F-B155-4469-9401-51E3D6C62F6B}.Debug|Any CPU.Deploy.0 = Debug|Any CPU
		{087ECB1F-B155-4469-9401-51E3D6C62F6B}.Debug|ARM.ActiveCfg = Debug|Any CPU
		{087ECB1F-B155-4469-9401-51E3D6C62F6B}.Debug|iPhone.ActiveCfg = Debug|Any CPU
		{087ECB1F-B155-4469-9401-51E3D6C62F6B}.Debug|iPhoneSimulator.ActiveCfg = Debug|Any CPU
		{087ECB1F-B155-4469-9401-51E3D6C62F6B}.Debug|Mixed Platforms.ActiveCfg = Debug|Any CPU
		{087ECB1F-B155-4469-9401-51E3D6C62F6B}.Debug|Mixed Platforms.Build.0 = Debug|Any CPU
		{087ECB1F-B155-4469-9401-51E3D6C62F6B}.Debug|Mixed Platforms.Deploy.0 = Debug|Any CPU
		{087ECB1F-B155-4469-9401-51E3D6C62F6B}.Debug|x86.ActiveCfg = Debug|Any CPU
		{087ECB1F-B155-4469-9401-51E3D6C62F6B}.Release|Any CPU.ActiveCfg = Release|Any CPU
		{087ECB1F-B155-4469-9401-51E3D6C62F6B}.Release|Any CPU.Build.0 = Release|Any CPU
		{087ECB1F-B155-4469-9401-51E3D6C62F6B}.Release|Any CPU.Deploy.0 = Release|Any CPU
		{087ECB1F-B155-4469-9401-51E3D6C62F6B}.Release|ARM.ActiveCfg = Release|Any CPU
		{087ECB1F-B155-4469-9401-51E3D6C62F6B}.Release|iPhone.ActiveCfg = Release|Any CPU
		{087ECB1F-B155-4469-9401-51E3D6C62F6B}.Release|iPhoneSimulator.ActiveCfg = Release|Any CPU
		{087ECB1F-B155-4469-9401-51E3D6C62F6B}.Release|Mixed Platforms.ActiveCfg = Release|Any CPU
		{087ECB1F-B155-4469-9401-51E3D6C62F6B}.Release|Mixed Platforms.Build.0 = Release|Any CPU
		{087ECB1F-B155-4469-9401-51E3D6C62F6B}.Release|Mixed Platforms.Deploy.0 = Release|Any CPU
		{087ECB1F-B155-4469-9401-51E3D6C62F6B}.Release|x86.ActiveCfg = Release|Any CPU
		{242F24F0-21D3-4114-A2D8-52C94058B30C}.Ad-Hoc|Any CPU.ActiveCfg = Release|Any CPU
		{242F24F0-21D3-4114-A2D8-52C94058B30C}.Ad-Hoc|Any CPU.Build.0 = Release|Any CPU
		{242F24F0-21D3-4114-A2D8-52C94058B30C}.Ad-Hoc|ARM.ActiveCfg = Release|Any CPU
		{242F24F0-21D3-4114-A2D8-52C94058B30C}.Ad-Hoc|iPhone.ActiveCfg = Release|Any CPU
		{242F24F0-21D3-4114-A2D8-52C94058B30C}.Ad-Hoc|iPhoneSimulator.ActiveCfg = Release|Any CPU
		{242F24F0-21D3-4114-A2D8-52C94058B30C}.Ad-Hoc|Mixed Platforms.ActiveCfg = Release|Any CPU
		{242F24F0-21D3-4114-A2D8-52C94058B30C}.Ad-Hoc|Mixed Platforms.Build.0 = Release|Any CPU
		{242F24F0-21D3-4114-A2D8-52C94058B30C}.Ad-Hoc|x86.ActiveCfg = Release|Any CPU
		{242F24F0-21D3-4114-A2D8-52C94058B30C}.AppStore|Any CPU.ActiveCfg = Release|Any CPU
		{242F24F0-21D3-4114-A2D8-52C94058B30C}.AppStore|Any CPU.Build.0 = Release|Any CPU
		{242F24F0-21D3-4114-A2D8-52C94058B30C}.AppStore|ARM.ActiveCfg = Release|Any CPU
		{242F24F0-21D3-4114-A2D8-52C94058B30C}.AppStore|iPhone.ActiveCfg = Release|Any CPU
		{242F24F0-21D3-4114-A2D8-52C94058B30C}.AppStore|iPhoneSimulator.ActiveCfg = Release|Any CPU
		{242F24F0-21D3-4114-A2D8-52C94058B30C}.AppStore|Mixed Platforms.ActiveCfg = Release|Any CPU
		{242F24F0-21D3-4114-A2D8-52C94058B30C}.AppStore|Mixed Platforms.Build.0 = Release|Any CPU
		{242F24F0-21D3-4114-A2D8-52C94058B30C}.AppStore|x86.ActiveCfg = Release|Any CPU
		{242F24F0-21D3-4114-A2D8-52C94058B30C}.Debug|Any CPU.ActiveCfg = Debug|Any CPU
		{242F24F0-21D3-4114-A2D8-52C94058B30C}.Debug|Any CPU.Build.0 = Debug|Any CPU
		{242F24F0-21D3-4114-A2D8-52C94058B30C}.Debug|ARM.ActiveCfg = Debug|Any CPU
		{242F24F0-21D3-4114-A2D8-52C94058B30C}.Debug|iPhone.ActiveCfg = Debug|Any CPU
		{242F24F0-21D3-4114-A2D8-52C94058B30C}.Debug|iPhoneSimulator.ActiveCfg = Debug|Any CPU
		{242F24F0-21D3-4114-A2D8-52C94058B30C}.Debug|Mixed Platforms.ActiveCfg = Debug|Any CPU
		{242F24F0-21D3-4114-A2D8-52C94058B30C}.Debug|Mixed Platforms.Build.0 = Debug|Any CPU
		{242F24F0-21D3-4114-A2D8-52C94058B30C}.Debug|x86.ActiveCfg = Debug|Any CPU
		{242F24F0-21D3-4114-A2D8-52C94058B30C}.Release|Any CPU.ActiveCfg = Release|Any CPU
		{242F24F0-21D3-4114-A2D8-52C94058B30C}.Release|Any CPU.Build.0 = Release|Any CPU
		{242F24F0-21D3-4114-A2D8-52C94058B30C}.Release|ARM.ActiveCfg = Release|Any CPU
		{242F24F0-21D3-4114-A2D8-52C94058B30C}.Release|iPhone.ActiveCfg = Release|Any CPU
		{242F24F0-21D3-4114-A2D8-52C94058B30C}.Release|iPhoneSimulator.ActiveCfg = Release|Any CPU
		{242F24F0-21D3-4114-A2D8-52C94058B30C}.Release|Mixed Platforms.ActiveCfg = Release|Any CPU
		{242F24F0-21D3-4114-A2D8-52C94058B30C}.Release|Mixed Platforms.Build.0 = Release|Any CPU
		{242F24F0-21D3-4114-A2D8-52C94058B30C}.Release|x86.ActiveCfg = Release|Any CPU
		{F7290B9E-C821-4DA7-A4E5-824D9B0F70F2}.Ad-Hoc|Any CPU.ActiveCfg = Release|Any CPU
		{F7290B9E-C821-4DA7-A4E5-824D9B0F70F2}.Ad-Hoc|Any CPU.Build.0 = Release|Any CPU
		{F7290B9E-C821-4DA7-A4E5-824D9B0F70F2}.Ad-Hoc|ARM.ActiveCfg = Release|Any CPU
		{F7290B9E-C821-4DA7-A4E5-824D9B0F70F2}.Ad-Hoc|iPhone.ActiveCfg = Release|Any CPU
		{F7290B9E-C821-4DA7-A4E5-824D9B0F70F2}.Ad-Hoc|iPhoneSimulator.ActiveCfg = Release|Any CPU
		{F7290B9E-C821-4DA7-A4E5-824D9B0F70F2}.Ad-Hoc|Mixed Platforms.ActiveCfg = Release|Any CPU
		{F7290B9E-C821-4DA7-A4E5-824D9B0F70F2}.Ad-Hoc|Mixed Platforms.Build.0 = Release|Any CPU
		{F7290B9E-C821-4DA7-A4E5-824D9B0F70F2}.Ad-Hoc|x86.ActiveCfg = Release|Any CPU
		{F7290B9E-C821-4DA7-A4E5-824D9B0F70F2}.AppStore|Any CPU.ActiveCfg = Release|Any CPU
		{F7290B9E-C821-4DA7-A4E5-824D9B0F70F2}.AppStore|Any CPU.Build.0 = Release|Any CPU
		{F7290B9E-C821-4DA7-A4E5-824D9B0F70F2}.AppStore|ARM.ActiveCfg = Release|Any CPU
		{F7290B9E-C821-4DA7-A4E5-824D9B0F70F2}.AppStore|iPhone.ActiveCfg = Release|Any CPU
		{F7290B9E-C821-4DA7-A4E5-824D9B0F70F2}.AppStore|iPhoneSimulator.ActiveCfg = Release|Any CPU
		{F7290B9E-C821-4DA7-A4E5-824D9B0F70F2}.AppStore|Mixed Platforms.ActiveCfg = Release|Any CPU
		{F7290B9E-C821-4DA7-A4E5-824D9B0F70F2}.AppStore|Mixed Platforms.Build.0 = Release|Any CPU
		{F7290B9E-C821-4DA7-A4E5-824D9B0F70F2}.AppStore|x86.ActiveCfg = Release|Any CPU
		{F7290B9E-C821-4DA7-A4E5-824D9B0F70F2}.Debug|Any CPU.ActiveCfg = Debug|Any CPU
		{F7290B9E-C821-4DA7-A4E5-824D9B0F70F2}.Debug|Any CPU.Build.0 = Debug|Any CPU
		{F7290B9E-C821-4DA7-A4E5-824D9B0F70F2}.Debug|ARM.ActiveCfg = Debug|Any CPU
		{F7290B9E-C821-4DA7-A4E5-824D9B0F70F2}.Debug|iPhone.ActiveCfg = Debug|Any CPU
		{F7290B9E-C821-4DA7-A4E5-824D9B0F70F2}.Debug|iPhoneSimulator.ActiveCfg = Debug|Any CPU
		{F7290B9E-C821-4DA7-A4E5-824D9B0F70F2}.Debug|Mixed Platforms.ActiveCfg = Debug|Any CPU
		{F7290B9E-C821-4DA7-A4E5-824D9B0F70F2}.Debug|Mixed Platforms.Build.0 = Debug|Any CPU
		{F7290B9E-C821-4DA7-A4E5-824D9B0F70F2}.Debug|x86.ActiveCfg = Debug|Any CPU
		{F7290B9E-C821-4DA7-A4E5-824D9B0F70F2}.Release|Any CPU.ActiveCfg = Release|Any CPU
		{F7290B9E-C821-4DA7-A4E5-824D9B0F70F2}.Release|Any CPU.Build.0 = Release|Any CPU
		{F7290B9E-C821-4DA7-A4E5-824D9B0F70F2}.Release|ARM.ActiveCfg = Release|Any CPU
		{F7290B9E-C821-4DA7-A4E5-824D9B0F70F2}.Release|iPhone.ActiveCfg = Release|Any CPU
		{F7290B9E-C821-4DA7-A4E5-824D9B0F70F2}.Release|iPhoneSimulator.ActiveCfg = Release|Any CPU
		{F7290B9E-C821-4DA7-A4E5-824D9B0F70F2}.Release|Mixed Platforms.ActiveCfg = Release|Any CPU
		{F7290B9E-C821-4DA7-A4E5-824D9B0F70F2}.Release|Mixed Platforms.Build.0 = Release|Any CPU
		{F7290B9E-C821-4DA7-A4E5-824D9B0F70F2}.Release|x86.ActiveCfg = Release|Any CPU
	EndGlobalSection
	GlobalSection(SolutionProperties) = preSolution
		HideSolutionNode = FALSE
	EndGlobalSection
EndGlobal
